
Microsoft Visual Studio Solution File, Format Version 12.00
# Visual Studio Version 16
VisualStudioVersion = 16.0.31129.286
MinimumVisualStudioVersion = 10.0.40219.1
Project("{FAE04EC0-301F-11D3-BF4B-00C04F79EFBC}") = "image-compression", "image-compression\image-compression.csproj", "{BC7E7462-6BFD-4AE2-93D0-E16C410D4CBE}"
EndProject
Global
	GlobalSection(SolutionConfigurationPlatforms) = preSolution
		Debug|Any CPU = Debug|Any CPU
		Release|Any CPU = Release|Any CPU
	EndGlobalSection
	GlobalSection(ProjectConfigurationPlatforms) = postSolution
		{BC7E7462-6BFD-4AE2-93D0-E16C410D4CBE}.Debug|Any CPU.ActiveCfg = Debug|Any CPU
		{BC7E7462-6BFD-4AE2-93D0-E16C410D4CBE}.Debug|Any CPU.Build.0 = Debug|Any CPU
		{BC7E7462-6BFD-4AE2-93D0-E16C410D4CBE}.Release|Any CPU.ActiveCfg = Release|Any CPU
		{BC7E7462-6BFD-4AE2-93D0-E16C410D4CBE}.Release|Any CPU.Build.0 = Release|Any CPU
	EndGlobalSection
	GlobalSection(SolutionProperties) = preSolution
		HideSolutionNode = FALSE
	EndGlobalSection
	GlobalSection(ExtensibilityGlobals) = postSolution
		SolutionGuid = {7C15BBB5-5660-4C15-A879-8C44A6FB793F}
	EndGlobalSection
EndGlobal
